
Microsoft Visual Studio Solution File, Format Version 12.00
# Visual Studio Version 17
VisualStudioVersion = 17.10.34916.146
MinimumVisualStudioVersion = 10.0.40219.1
Project("{FAE04EC0-301F-11D3-BF4B-00C04F79EFBC}") = "Shop.ConsoleApp.UI", "Shop.ConsoleApp.UI\Shop.ConsoleApp.UI.csproj", "{5D2EEC1E-7EEF-4DDC-A89E-A168B4D9EDF6}"
EndProject
Project("{FAE04EC0-301F-11D3-BF4B-00C04F79EFBC}") = "Shop.BLL", "Shop.BLL\Shop.BLL.csproj", "{49ACA18E-5580-43E3-A679-BF60F73EEC70}"
EndProject
Project("{FAE04EC0-301F-11D3-BF4B-00C04F79EFBC}") = "Shop.DAL", "Shop.DAL\Shop.DAL.csproj", "{07C85214-7951-4084-9297-0D8AA19AE0D2}"
EndProject
Global
	GlobalSection(SolutionConfigurationPlatforms) = preSolution
		Debug|Any CPU = Debug|Any CPU
		Release|Any CPU = Release|Any CPU
	EndGlobalSection
	GlobalSection(ProjectConfigurationPlatforms) = postSolution
		{5D2EEC1E-7EEF-4DDC-A89E-A168B4D9EDF6}.Debug|Any CPU.ActiveCfg = Debug|Any CPU
		{5D2EEC1E-7EEF-4DDC-A89E-A168B4D9EDF6}.Debug|Any CPU.Build.0 = Debug|Any CPU
		{5D2EEC1E-7EEF-4DDC-A89E-A168B4D9EDF6}.Release|Any CPU.ActiveCfg = Release|Any CPU
		{5D2EEC1E-7EEF-4DDC-A89E-A168B4D9EDF6}.Release|Any CPU.Build.0 = Release|Any CPU
		{49ACA18E-5580-43E3-A679-BF60F73EEC70}.Debug|Any CPU.ActiveCfg = Debug|Any CPU
		{49ACA18E-5580-43E3-A679-BF60F73EEC70}.Debug|Any CPU.Build.0 = Debug|Any CPU
		{49ACA18E-5580-43E3-A679-BF60F73EEC70}.Release|Any CPU.ActiveCfg = Release|Any CPU
		{49ACA18E-5580-43E3-A679-BF60F73EEC70}.Release|Any CPU.Build.0 = Release|Any CPU
		{07C85214-7951-4084-9297-0D8AA19AE0D2}.Debug|Any CPU.ActiveCfg = Debug|Any CPU
		{07C85214-7951-4084-9297-0D8AA19AE0D2}.Debug|Any CPU.Build.0 = Debug|Any CPU
		{07C85214-7951-4084-9297-0D8AA19AE0D2}.Release|Any CPU.ActiveCfg = Release|Any CPU
		{07C85214-7951-4084-9297-0D8AA19AE0D2}.Release|Any CPU.Build.0 = Release|Any CPU
	EndGlobalSection
	GlobalSection(SolutionProperties) = preSolution
		HideSolutionNode = FALSE
	EndGlobalSection
	GlobalSection(ExtensibilityGlobals) = postSolution
		SolutionGuid = {E5E47314-240C-4922-97B9-B3F1586B3271}
	EndGlobalSection
EndGlobal
